github.com/Tnze/go-mc v1.20.2 h1:arHCE/WxLCxY73C/4ZNLdOymRYtdwoXE05ohB7HVN6Q=
github.com/Tnze/go-mc v1.20.2/go.mod h1:geoRj2HsXSkB3FJBuhr7wCzXegRlzWsVXd7h7jiJ6aQ=
github.com/klauspost/compress v1.18.4 h1:RPhnKRAQ4Fh8zU2FY/6ZFDwTVTxgJ/EMydqSTzE9a2c=
github.com/klauspost/compress v1.18.4/go.mod h1:R0h/fSBs8DE4ENlcrlib3PsXS61voFxhIs2DeRhCvJ4=
